
Microsoft Visual Studio Solution File, Format Version 12.00
# Visual Studio Version 17
VisualStudioVersion = 17.13.35931.197 d17.13
MinimumVisualStudioVersion = 10.0.40219.1
Project("{FAE04EC0-301F-11D3-BF4B-00C04F79EFBC}") = "Modulo1.Tarea1.Programa1", "Modulo1.Tarea1.Programa1\Modulo1.Tarea1.Programa1.csproj", "{7D2C2106-52C4-42FB-965C-72F50692DA8F}"
EndProject
Project("{FAE04EC0-301F-11D3-BF4B-00C04F79EFBC}") = "Modulo1.Tarea1.Programa2", "Modulo1.Tarea1.Programa2\Modulo1.Tarea1.Programa2.csproj", "{C15051D3-DB7E-41BE-9961-E277B828D832}"
EndProject
Project("{FAE04EC0-301F-11D3-BF4B-00C04F79EFBC}") = "Modulo1.Tarea1.Programa3", "Modulo1.Tarea1.Programa3\Modulo1.Tarea1.Programa3.csproj", "{81DE7B94-9AFC-48F0-88FC-21CDD6C52E18}"
EndProject
Project("{FAE04EC0-301F-11D3-BF4B-00C04F79EFBC}") = "Modulo1.Tarea1.Programa4", "Modulo1.Tarea1.Programa4\Modulo1.Tarea1.Programa4.csproj", "{97516CAE-CA06-4327-AD14-14FD9F5F648B}"
EndProject
Project("{FAE04EC0-301F-11D3-BF4B-00C04F79EFBC}") = "Modulo1.Tarea1.Programa5", "Modulo1.Tarea1.Programa5\Modulo1.Tarea1.Programa5.csproj", "{DD72B6A1-B1C7-4AD8-B790-275DE1C67C30}"
EndProject
Project("{FAE04EC0-301F-11D3-BF4B-00C04F79EFBC}") = "Modulo1.Tarea1.Programa6", "Modulo1.Tarea1.Programa6\Modulo1.Tarea1.Programa6.csproj", "{D2F7E7EC-E4EE-45E3-8F41-274290EE04B9}"
EndProject
Global
	GlobalSection(SolutionConfigurationPlatforms) = preSolution
		Debug|Any CPU = Debug|Any CPU
		Release|Any CPU = Release|Any CPU
	EndGlobalSection
	GlobalSection(ProjectConfigurationPlatforms) = postSolution
		{7D2C2106-52C4-42FB-965C-72F50692DA8F}.Debug|Any CPU.ActiveCfg = Debug|Any CPU
		{7D2C2106-52C4-42FB-965C-72F50692DA8F}.Debug|Any CPU.Build.0 = Debug|Any CPU
		{7D2C2106-52C4-42FB-965C-72F50692DA8F}.Release|Any CPU.ActiveCfg = Release|Any CPU
		{7D2C2106-52C4-42FB-965C-72F50692DA8F}.Release|Any CPU.Build.0 = Release|Any CPU
		{C15051D3-DB7E-41BE-9961-E277B828D832}.Debug|Any CPU.ActiveCfg = Debug|Any CPU
		{C15051D3-DB7E-41BE-9961-E277B828D832}.Debug|Any CPU.Build.0 = Debug|Any CPU
		{C15051D3-DB7E-41BE-9961-E277B828D832}.Release|Any CPU.ActiveCfg = Release|Any CPU
		{C15051D3-DB7E-41BE-9961-E277B828D832}.Release|Any CPU.Build.0 = Release|Any CPU
		{81DE7B94-9AFC-48F0-88FC-21CDD6C52E18}.Debug|Any CPU.ActiveCfg = Debug|Any CPU
		{81DE7B94-9AFC-48F0-88FC-21CDD6C52E18}.Debug|Any CPU.Build.0 = Debug|Any CPU
		{81DE7B94-9AFC-48F0-88FC-21CDD6C52E18}.Release|Any CPU.ActiveCfg = Release|Any CPU
		{81DE7B94-9AFC-48F0-88FC-21CDD6C52E18}.Release|Any CPU.Build.0 = Release|Any CPU
		{97516CAE-CA06-4327-AD14-14FD9F5F648B}.Debug|Any CPU.ActiveCfg = Debug|Any CPU
		{97516CAE-CA06-4327-AD14-14FD9F5F648B}.Debug|Any CPU.Build.0 = Debug|Any CPU
		{97516CAE-CA06-4327-AD14-14FD9F5F648B}.Release|Any CPU.ActiveCfg = Release|Any CPU
		{97516CAE-CA06-4327-AD14-14FD9F5F648B}.Release|Any CPU.Build.0 = Release|Any CPU
		{DD72B6A1-B1C7-4AD8-B790-275DE1C67C30}.Debug|Any CPU.ActiveCfg = Debug|Any CPU
		{DD72B6A1-B1C7-4AD8-B790-275DE1C67C30}.Debug|Any CPU.Build.0 = Debug|Any CPU
		{DD72B6A1-B1C7-4AD8-B790-275DE1C67C30}.Release|Any CPU.ActiveCfg = Release|Any CPU
		{DD72B6A1-B1C7-4AD8-B790-275DE1C67C30}.Release|Any CPU.Build.0 = Release|Any CPU
		{D2F7E7EC-E4EE-45E3-8F41-274290EE04B9}.Debug|Any CPU.ActiveCfg = Debug|Any CPU
		{D2F7E7EC-E4EE-45E3-8F41-274290EE04B9}.Debug|Any CPU.Build.0 = Debug|Any CPU
		{D2F7E7EC-E4EE-45E3-8F41-274290EE04B9}.Release|Any CPU.ActiveCfg = Release|Any CPU
		{D2F7E7EC-E4EE-45E3-8F41-274290EE04B9}.Release|Any CPU.Build.0 = Release|Any CPU
	EndGlobalSection
	GlobalSection(SolutionProperties) = preSolution
		HideSolutionNode = FALSE
	EndGlobalSection
	GlobalSection(ExtensibilityGlobals) = postSolution
		SolutionGuid = {C49F425B-4C66-4F8E-9B55-3D8CB5431C7A}
	EndGlobalSection
EndGlobal
